
Microsoft Visual Studio Solution File, Format Version 12.00
# Visual Studio Version 16
VisualStudioVersion = 16.0.29519.87
MinimumVisualStudioVersion = 10.0.40219.1
Project("{FAE04EC0-301F-11D3-BF4B-00C04F79EFBC}") = "ConsoleUIChessProject", "ConsoleUIChessProject\ConsoleUIChessProject.csproj", "{67012B37-D722-49F4-AA83-A5D2EF6BADEF}"
EndProject
Project("{FAE04EC0-301F-11D3-BF4B-00C04F79EFBC}") = "Chess", "Chess\Chess.csproj", "{1DEC6D75-9B13-4ADC-A817-241555C184A9}"
EndProject
Global
	GlobalSection(SolutionConfigurationPlatforms) = preSolution
		Debug|Any CPU = Debug|Any CPU
		Release|Any CPU = Release|Any CPU
	EndGlobalSection
	GlobalSection(ProjectConfigurationPlatforms) = postSolution
		{67012B37-D722-49F4-AA83-A5D2EF6BADEF}.Debug|Any CPU.ActiveCfg = Debug|Any CPU
		{67012B37-D722-49F4-AA83-A5D2EF6BADEF}.Debug|Any CPU.Build.0 = Debug|Any CPU
		{67012B37-D722-49F4-AA83-A5D2EF6BADEF}.Release|Any CPU.ActiveCfg = Release|Any CPU
		{67012B37-D722-49F4-AA83-A5D2EF6BADEF}.Release|Any CPU.Build.0 = Release|Any CPU
		{1DEC6D75-9B13-4ADC-A817-241555C184A9}.Debug|Any CPU.ActiveCfg = Debug|Any CPU
		{1DEC6D75-9B13-4ADC-A817-241555C184A9}.Debug|Any CPU.Build.0 = Debug|Any CPU
		{1DEC6D75-9B13-4ADC-A817-241555C184A9}.Release|Any CPU.ActiveCfg = Release|Any CPU
		{1DEC6D75-9B13-4ADC-A817-241555C184A9}.Release|Any CPU.Build.0 = Release|Any CPU
	EndGlobalSection
	GlobalSection(SolutionProperties) = preSolution
		HideSolutionNode = FALSE
	EndGlobalSection
	GlobalSection(ExtensibilityGlobals) = postSolution
		SolutionGuid = {B3940053-2CF1-4C08-8639-E4DA6C325120}
	EndGlobalSection
EndGlobal
